
Microsoft Visual Studio Solution File, Format Version 12.00
# Visual Studio Version 16
VisualStudioVersion = 16.0.32228.343
MinimumVisualStudioVersion = 10.0.40219.1
Project("{FAE04EC0-301F-11D3-BF4B-00C04F79EFBC}") = "KatmanlıMimariDataAccess", "KatmanlıMimariDataAccess\KatmanlıMimariDataAccess.csproj", "{2BA4F131-8E92-4222-AB34-D17EADCAC5B9}"
EndProject
Project("{FAE04EC0-301F-11D3-BF4B-00C04F79EFBC}") = "KatmanlıMimariDataBussiness", "KatmanlıMimariDataBussiness\KatmanlıMimariDataBussiness.csproj", "{6B0DBD3F-9B2F-46EE-AA0F-1676EC71ACF4}"
EndProject
Project("{FAE04EC0-301F-11D3-BF4B-00C04F79EFBC}") = "KatmanlıMimariUI", "KatmanlıMimariUI\KatmanlıMimariUI.csproj", "{A427D011-9860-40EC-8122-5EA7751ECD49}"
EndProject
Global
	GlobalSection(SolutionConfigurationPlatforms) = preSolution
		Debug|Any CPU = Debug|Any CPU
		Release|Any CPU = Release|Any CPU
	EndGlobalSection
	GlobalSection(ProjectConfigurationPlatforms) = postSolution
		{2BA4F131-8E92-4222-AB34-D17EADCAC5B9}.Debug|Any CPU.ActiveCfg = Debug|Any CPU
		{2BA4F131-8E92-4222-AB34-D17EADCAC5B9}.Debug|Any CPU.Build.0 = Debug|Any CPU
		{2BA4F131-8E92-4222-AB34-D17EADCAC5B9}.Release|Any CPU.ActiveCfg = Release|Any CPU
		{2BA4F131-8E92-4222-AB34-D17EADCAC5B9}.Release|Any CPU.Build.0 = Release|Any CPU
		{6B0DBD3F-9B2F-46EE-AA0F-1676EC71ACF4}.Debug|Any CPU.ActiveCfg = Debug|Any CPU
		{6B0DBD3F-9B2F-46EE-AA0F-1676EC71ACF4}.Debug|Any CPU.Build.0 = Debug|Any CPU
		{6B0DBD3F-9B2F-46EE-AA0F-1676EC71ACF4}.Release|Any CPU.ActiveCfg = Release|Any CPU
		{6B0DBD3F-9B2F-46EE-AA0F-1676EC71ACF4}.Release|Any CPU.Build.0 = Release|Any CPU
		{A427D011-9860-40EC-8122-5EA7751ECD49}.Debug|Any CPU.ActiveCfg = Debug|Any CPU
		{A427D011-9860-40EC-8122-5EA7751ECD49}.Debug|Any CPU.Build.0 = Debug|Any CPU
		{A427D011-9860-40EC-8122-5EA7751ECD49}.Release|Any CPU.ActiveCfg = Release|Any CPU
		{A427D011-9860-40EC-8122-5EA7751ECD49}.Release|Any CPU.Build.0 = Release|Any CPU
	EndGlobalSection
	GlobalSection(SolutionProperties) = preSolution
		HideSolutionNode = FALSE
	EndGlobalSection
	GlobalSection(ExtensibilityGlobals) = postSolution
		SolutionGuid = {20853471-6E93-4370-B581-C1675516F834}
	EndGlobalSection
EndGlobal
